
Microsoft Visual Studio Solution File, Format Version 12.00
# Visual Studio Version 17
VisualStudioVersion = 17.7.34202.233
MinimumVisualStudioVersion = 10.0.40219.1
Project("{FAE04EC0-301F-11D3-BF4B-00C04F79EFBC}") = "Practica2_Mod", "Practica2_Mod.csproj", "{1F6C6210-2984-4C6C-A136-E2BED4D3EDAB}"
EndProject
Global
	GlobalSection(SolutionConfigurationPlatforms) = preSolution
		Debug|Any CPU = Debug|Any CPU
		Release|Any CPU = Release|Any CPU
	EndGlobalSection
	GlobalSection(ProjectConfigurationPlatforms) = postSolution
		{1F6C6210-2984-4C6C-A136-E2BED4D3EDAB}.Debug|Any CPU.ActiveCfg = Debug|Any CPU
		{1F6C6210-2984-4C6C-A136-E2BED4D3EDAB}.Debug|Any CPU.Build.0 = Debug|Any CPU
		{1F6C6210-2984-4C6C-A136-E2BED4D3EDAB}.Release|Any CPU.ActiveCfg = Release|Any CPU
		{1F6C6210-2984-4C6C-A136-E2BED4D3EDAB}.Release|Any CPU.Build.0 = Release|Any CPU
	EndGlobalSection
	GlobalSection(SolutionProperties) = preSolution
		HideSolutionNode = FALSE
	EndGlobalSection
	GlobalSection(ExtensibilityGlobals) = postSolution
		SolutionGuid = {632EC70D-E32A-442A-AEBE-3898BB7A1BC5}
	EndGlobalSection
EndGlobal
