
Microsoft Visual Studio Solution File, Format Version 12.00
# Visual Studio Version 17
VisualStudioVersion = 17.10.35013.160
MinimumVisualStudioVersion = 10.0.40219.1
Project("{9A19103F-16F7-4668-BE54-9A1E7A4F7556}") = "Practica2", "Practica2\Practica2.csproj", "{FBD995EE-738A-47DC-8964-CBC06D3993F3}"
EndProject
Global
	GlobalSection(SolutionConfigurationPlatforms) = preSolution
		Debug|Any CPU = Debug|Any CPU
		Release|Any CPU = Release|Any CPU
	EndGlobalSection
	GlobalSection(ProjectConfigurationPlatforms) = postSolution
		{FBD995EE-738A-47DC-8964-CBC06D3993F3}.Debug|Any CPU.ActiveCfg = Debug|Any CPU
		{FBD995EE-738A-47DC-8964-CBC06D3993F3}.Debug|Any CPU.Build.0 = Debug|Any CPU
		{FBD995EE-738A-47DC-8964-CBC06D3993F3}.Release|Any CPU.ActiveCfg = Release|Any CPU
		{FBD995EE-738A-47DC-8964-CBC06D3993F3}.Release|Any CPU.Build.0 = Release|Any CPU
	EndGlobalSection
	GlobalSection(SolutionProperties) = preSolution
		HideSolutionNode = FALSE
	EndGlobalSection
	GlobalSection(ExtensibilityGlobals) = postSolution
		SolutionGuid = {815F694D-E1AA-4B02-88AD-8D0E26FEA217}
	EndGlobalSection
EndGlobal
